// !$*UTF8*$!
{
	archiveVersion = 1;
	classes = {
	};
	objectVersion = 48;
	objects = {

/* Begin PBXBuildFile section */
		450A2DC920A87B93000352B8 /* AppDelegate.swift in Sources */ = {isa = PBXBuildFile; fileRef = 450A2DC820A87B93000352B8 /* AppDelegate.swift */; };
		450A2DCB20A87B93000352B8 /* ViewController.swift in Sources */ = {isa = PBXBuildFile; fileRef = 450A2DCA20A87B93000352B8 /* ViewController.swift */; };
		450A2DCE20A87B93000352B8 /* Main.storyboard in Resources */ = {isa = PBXBuildFile; fileRef = 450A2DCC20A87B93000352B8 /* Main.storyboard */; };
		450A2DD020A87B93000352B8 /* Assets.xcassets in Resources */ = {isa = PBXBuildFile; fileRef = 450A2DCF20A87B93000352B8 /* Assets.xcassets */; };
		450A2DD320A87B93000352B8 /* LaunchScreen.storyboard in Resources */ = {isa = PBXBuildFile; fileRef = 450A2DD120A87B93000352B8 /* LaunchScreen.storyboard */; };
		450A2DDE20A87B93000352B8 /* ajuda_meTests.swift in Sources */ = {isa = PBXBuildFile; fileRef = 450A2DDD20A87B93000352B8 /* ajuda_meTests.swift */; };
		450A2DE920A87B93000352B8 /* ajuda_meUITests.swift in Sources */ = {isa = PBXBuildFile; fileRef = 450A2DE820A87B93000352B8 /* ajuda_meUITests.swift */; };
		64D7A788CA770CACF4001B9B /* Pods_ajuda_me.framework in Frameworks */ = {isa = PBXBuildFile; fileRef = CF6413591F2360BD4FE20AEC /* Pods_ajuda_me.framework */; };
		778D678B1B5850C8D513F730 /* Pods_ajuda_meTests.framework in Frameworks */ = {isa = PBXBuildFile; fileRef = 283EABBAA2F060F02DD36A34 /* Pods_ajuda_meTests.framework */; };
		AE5A2D5DF6C19BF175708CA8 /* Pods_ajuda_meUITests.framework in Frameworks */ = {isa = PBXBuildFile; fileRef = F10AB6D3FE15E08C1F46B580 /* Pods_ajuda_meUITests.framework */; };
/* End PBXBuildFile section */

/* Begin PBXContainerItemProxy section */
		450A2DDA20A87B93000352B8 /* PBXContainerItemProxy */ = {
			isa = PBXContainerItemProxy;
			containerPortal = 450A2DBD20A87B93000352B8 /* Project object */;
			proxyType = 1;
			remoteGlobalIDString = 450A2DC420A87B93000352B8;
			remoteInfo = "ajuda-me";
		};
		450A2DE520A87B93000352B8 /* PBXContainerItemProxy */ = {
			isa = PBXContainerItemProxy;
			containerPortal = 450A2DBD20A87B93000352B8 /* Project object */;
			proxyType = 1;
			remoteGlobalIDString = 450A2DC420A87B93000352B8;
			remoteInfo = "ajuda-me";
		};
/* End PBXContainerItemProxy section */

/* Begin PBXFileReference section */
		145273E869F0CCB4F1AC969B /* Pods-ajuda-meUITests.release.xcconfig */ = {isa = PBXFileReference; includeInIndex = 1; lastKnownFileType = text.xcconfig; name = "Pods-ajuda-meUITests.release.xcconfig"; path = "Pods/Target Support Files/Pods-ajuda-meUITests/Pods-ajuda-meUITests.release.xcconfig"; sourceTree = "<group>"; };
		1EBC812B6F126D8ADE77E2AF /* Pods-ajuda-meTests.release.xcconfig */ = {isa = PBXFileReference; includeInIndex = 1; lastKnownFileType = text.xcconfig; name = "Pods-ajuda-meTests.release.xcconfig"; path = "Pods/Target Support Files/Pods-ajuda-meTests/Pods-ajuda-meTests.release.xcconfig"; sourceTree = "<group>"; };
		283EABBAA2F060F02DD36A34 /* Pods_ajuda_meTests.framework */ = {isa = PBXFileReference; explicitFileType = wrapper.framework; includeInIndex = 0; path = Pods_ajuda_meTests.framework; sourceTree = BUILT_PRODUCTS_DIR; };
		450A2DC520A87B93000352B8 /* ajuda-me.app */ = {isa = PBXFileReference; explicitFileType = wrapper.application; includeInIndex = 0; path = "ajuda-me.app"; sourceTree = BUILT_PRODUCTS_DIR; };
		450A2DC820A87B93000352B8 /* AppDelegate.swift */ = {isa = PBXFileReference; lastKnownFileType = sourcecode.swift; path = AppDelegate.swift; sourceTree = "<group>"; };
		450A2DCA20A87B93000352B8 /* ViewController.swift */ = {isa = PBXFileReference; lastKnownFileType = sourcecode.swift; path = ViewController.swift; sourceTree = "<group>"; };
		450A2DCD20A87B93000352B8 /* Base */ = {isa = PBXFileReference; lastKnownFileType = file.storyboard; name = Base; path = Base.lproj/Main.storyboard; sourceTree = "<group>"; };
		450A2DCF20A87B93000352B8 /* Assets.xcassets */ = {isa = PBXFileReference; lastKnownFileType = folder.assetcatalog; path = Assets.xcassets; sourceTree = "<group>"; };
		450A2DD220A87B93000352B8 /* Base */ = {isa = PBXFileReference; lastKnownFileType = file.storyboard; name = Base; path = Base.lproj/LaunchScreen.storyboard; sourceTree = "<group>"; };
		450A2DD420A87B93000352B8 /* Info.plist */ = {isa = PBXFileReference; lastKnownFileType = text.plist.xml; path = Info.plist; sourceTree = "<group>"; };
		450A2DD920A87B93000352B8 /* ajuda-meTests.xctest */ = {isa = PBXFileReference; explicitFileType = wrapper.cfbundle; includeInIndex = 0; path = "ajuda-meTests.xctest"; sourceTree = BUILT_PRODUCTS_DIR; };
		450A2DDD20A87B93000352B8 /* ajuda_meTests.swift */ = {isa = PBXFileReference; lastKnownFileType = sourcecode.swift; path = ajuda_meTests.swift; sourceTree = "<group>"; };
		450A2DDF20A87B93000352B8 /* Info.plist */ = {isa = PBXFileReference; lastKnownFileType = text.plist.xml; path = Info.plist; sourceTree = "<group>"; };
		450A2DE420A87B93000352B8 /* ajuda-meUITests.xctest */ = {isa = PBXFileReference; explicitFileType = wrapper.cfbundle; includeInIndex = 0; path = "ajuda-meUITests.xctest"; sourceTree = BUILT_PRODUCTS_DIR; };
		450A2DE820A87B93000352B8 /* ajuda_meUITests.swift */ = {isa = PBXFileReference; lastKnownFileType = sourcecode.swift; path = ajuda_meUITests.swift; sourceTree = "<group>"; };
		450A2DEA20A87B93000352B8 /* Info.plist */ = {isa = PBXFileReference; lastKnownFileType = text.plist.xml; path = Info.plist; sourceTree = "<group>"; };
		4C9EC77223624A27D169B0B0 /* Pods-ajuda-meTests.debug.xcconfig */ = {isa = PBXFileReference; includeInIndex = 1; lastKnownFileType = text.xcconfig; name = "Pods-ajuda-meTests.debug.xcconfig"; path = "Pods/Target Support Files/Pods-ajuda-meTests/Pods-ajuda-meTests.debug.xcconfig"; sourceTree = "<group>"; };
		66AD172892B3CA74D8126538 /* Pods-ajuda-me.debug.xcconfig */ = {isa = PBXFileReference; includeInIndex = 1; lastKnownFileType = text.xcconfig; name = "Pods-ajuda-me.debug.xcconfig"; path = "Pods/Target Support Files/Pods-ajuda-me/Pods-ajuda-me.debug.xcconfig"; sourceTree = "<group>"; };
		A5B6CE8C7A40D9E98D8A64BC /* Pods-ajuda-me.release.xcconfig */ = {isa = PBXFileReference; includeInIndex = 1; lastKnownFileType = text.xcconfig; name = "Pods-ajuda-me.release.xcconfig"; path = "Pods/Target Support Files/Pods-ajuda-me/Pods-ajuda-me.release.xcconfig"; sourceTree = "<group>"; };
		CF6413591F2360BD4FE20AEC /* Pods_ajuda_me.framework */ = {isa = PBXFileReference; explicitFileType = wrapper.framework; includeInIndex = 0; path = Pods_ajuda_me.framework; sourceTree = BUILT_PRODUCTS_DIR; };
		F10AB6D3FE15E08C1F46B580 /* Pods_ajuda_meUITests.framework */ = {isa = PBXFileReference; explicitFileType = wrapper.framework; includeInIndex = 0; path = Pods_ajuda_meUITests.framework; sourceTree = BUILT_PRODUCTS_DIR; };
		F194BDAADBD2AD70349586D5 /* Pods-ajuda-meUITests.debug.xcconfig */ = {isa = PBXFileReference; includeInIndex = 1; lastKnownFileType = text.xcconfig; name = "Pods-ajuda-meUITests.debug.xcconfig"; path = "Pods/Target Support Files/Pods-ajuda-meUITests/Pods-ajuda-meUITests.debug.xcconfig"; sourceTree = "<group>"; };
/* End PBXFileReference section */

/* Begin PBXFrameworksBuildPhase section */
		450A2DC220A87B93000352B8 /* Frameworks */ = {
			isa = PBXFrameworksBuildPhase;
			buildActionMask = 2147483647;
			files = (
				64D7A788CA770CACF4001B9B /* Pods_ajuda_me.framework in Frameworks */,
			);
			runOnlyForDeploymentPostprocessing = 0;
		};
		450A2DD620A87B93000352B8 /* Frameworks */ = {
			isa = PBXFrameworksBuildPhase;
			buildActionMask = 2147483647;
			files = (
				778D678B1B5850C8D513F730 /* Pods_ajuda_meTests.framework in Frameworks */,
			);
			runOnlyForDeploymentPostprocessing = 0;
		};
		450A2DE120A87B93000352B8 /* Frameworks */ = {
			isa = PBXFrameworksBuildPhase;
			buildActionMask = 2147483647;
			files = (
				AE5A2D5DF6C19BF175708CA8 /* Pods_ajuda_meUITests.framework in Frameworks */,
			);
			runOnlyForDeploymentPostprocessing = 0;
		};
/* End PBXFrameworksBuildPhase section */

/* Begin PBXGroup section */
		450A2DBC20A87B93000352B8 = {
			isa = PBXGroup;
			children = (
				450A2DC720A87B93000352B8 /* ajuda-me */,
				450A2DDC20A87B93000352B8 /* ajuda-meTests */,
				450A2DE720A87B93000352B8 /* ajuda-meUITests */,
				450A2DC620A87B93000352B8 /* Products */,
				FBFB5F87B72895DC8E45F6CE /* Pods */,
				DEB04D6B68125C18749AF08F /* Frameworks */,
			);
			sourceTree = "<group>";
		};
		450A2DC620A87B93000352B8 /* Products */ = {
			isa = PBXGroup;
			children = (
				450A2DC520A87B93000352B8 /* ajuda-me.app */,
				450A2DD920A87B93000352B8 /* ajuda-meTests.xctest */,
				450A2DE420A87B93000352B8 /* ajuda-meUITests.xctest */,
			);
			name = Products;
			sourceTree = "<group>";
		};
		450A2DC720A87B93000352B8 /* ajuda-me */ = {
			isa = PBXGroup;
			children = (
				45D013BB20B0ADCD00C79285 /* Controller */,
				45D013BA20B0ADC000C79285 /* View */,
				45D013B920B0ADBA00C79285 /* Network */,
				45D013B820B0ADB400C79285 /* Model */,
				450A2DC820A87B93000352B8 /* AppDelegate.swift */,
				450A2DCA20A87B93000352B8 /* ViewController.swift */,
				450A2DCC20A87B93000352B8 /* Main.storyboard */,
				450A2DCF20A87B93000352B8 /* Assets.xcassets */,
				450A2DD120A87B93000352B8 /* LaunchScreen.storyboard */,
				450A2DD420A87B93000352B8 /* Info.plist */,
			);
			path = "ajuda-me";
			sourceTree = "<group>";
		};
		450A2DDC20A87B93000352B8 /* ajuda-meTests */ = {
			isa = PBXGroup;
			children = (
				450A2DDD20A87B93000352B8 /* ajuda_meTests.swift */,
				450A2DDF20A87B93000352B8 /* Info.plist */,
			);
			path = "ajuda-meTests";
			sourceTree = "<group>";
		};
		450A2DE720A87B93000352B8 /* ajuda-meUITests */ = {
			isa = PBXGroup;
			children = (
				450A2DE820A87B93000352B8 /* ajuda_meUITests.swift */,
				450A2DEA20A87B93000352B8 /* Info.plist */,
			);
			path = "ajuda-meUITests";
			sourceTree = "<group>";
		};
		45D013B820B0ADB400C79285 /* Model */ = {
			isa = PBXGroup;
			children = (
			);
			path = Model;
			sourceTree = "<group>";
		};
		45D013B920B0ADBA00C79285 /* Network */ = {
			isa = PBXGroup;
			children = (
			);
			path = Network;
			sourceTree = "<group>";
		};
		45D013BA20B0ADC000C79285 /* View */ = {
			isa = PBXGroup;
			children = (
				45D013BC20B0B4F300C79285 /* Style */,
			);
			path = View;
			sourceTree = "<group>";
		};
		45D013BB20B0ADCD00C79285 /* Controller */ = {
			isa = PBXGroup;
			children = (
			);
			path = Controller;
			sourceTree = "<group>";
		};
		45D013BC20B0B4F300C79285 /* Style */ = {
			isa = PBXGroup;
			children = (
			);
			path = Style;
			sourceTree = "<group>";
		};
		DEB04D6B68125C18749AF08F /* Frameworks */ = {
			isa = PBXGroup;
			children = (
				CF6413591F2360BD4FE20AEC /* Pods_ajuda_me.framework */,
				283EABBAA2F060F02DD36A34 /* Pods_ajuda_meTests.framework */,
				F10AB6D3FE15E08C1F46B580 /* Pods_ajuda_meUITests.framework */,
			);
			name = Frameworks;
			sourceTree = "<group>";
		};
		FBFB5F87B72895DC8E45F6CE /* Pods */ = {
			isa = PBXGroup;
			children = (
				66AD172892B3CA74D8126538 /* Pods-ajuda-me.debug.xcconfig */,
				A5B6CE8C7A40D9E98D8A64BC /* Pods-ajuda-me.release.xcconfig */,
				4C9EC77223624A27D169B0B0 /* Pods-ajuda-meTests.debug.xcconfig */,
				1EBC812B6F126D8ADE77E2AF /* Pods-ajuda-meTests.release.xcconfig */,
				F194BDAADBD2AD70349586D5 /* Pods-ajuda-meUITests.debug.xcconfig */,
				145273E869F0CCB4F1AC969B /* Pods-ajuda-meUITests.release.xcconfig */,
			);
			name = Pods;
			sourceTree = "<group>";
		};
/* End PBXGroup section */

/* Begin PBXNativeTarget section */
		450A2DC420A87B93000352B8 /* ajuda-me */ = {
			isa = PBXNativeTarget;
			buildConfigurationList = 450A2DED20A87B93000352B8 /* Build configuration list for PBXNativeTarget "ajuda-me" */;
			buildPhases = (
				563D38E8A79F97DEF4F2C526 /* [CP] Check Pods Manifest.lock */,
				450A2DC120A87B93000352B8 /* Sources */,
				450A2DC220A87B93000352B8 /* Frameworks */,
				450A2DC320A87B93000352B8 /* Resources */,
				3C4C00856E3C2A0383AE4A2A /* [CP] Embed Pods Frameworks */,
				0C78465EFA7F71C18204E8E0 /* [CP] Copy Pods Resources */,
			);
			buildRules = (
			);
			dependencies = (
			);
			name = "ajuda-me";
			productName = "ajuda-me";
			productReference = 450A2DC520A87B93000352B8 /* ajuda-me.app */;
			productType = "com.apple.product-type.application";
		};
		450A2DD820A87B93000352B8 /* ajuda-meTests */ = {
			isa = PBXNativeTarget;
			buildConfigurationList = 450A2DF020A87B93000352B8 /* Build configuration list for PBXNativeTarget "ajuda-meTests" */;
			buildPhases = (
				CCC4117290D3A8CE0B57054C /* [CP] Check Pods Manifest.lock */,
				450A2DD520A87B93000352B8 /* Sources */,
				450A2DD620A87B93000352B8 /* Frameworks */,
				450A2DD720A87B93000352B8 /* Resources */,
				1F7C3E202904D8BB534CA761 /* [CP] Embed Pods Frameworks */,
				622558EECE0BFA436B5C622C /* [CP] Copy Pods Resources */,
			);
			buildRules = (
			);
			dependencies = (
				450A2DDB20A87B93000352B8 /* PBXTargetDependency */,
			);
			name = "ajuda-meTests";
			productName = "ajuda-meTests";
			productReference = 450A2DD920A87B93000352B8 /* ajuda-meTests.xctest */;
			productType = "com.apple.product-type.bundle.unit-test";
		};
		450A2DE320A87B93000352B8 /* ajuda-meUITests */ = {
			isa = PBXNativeTarget;
			buildConfigurationList = 450A2DF320A87B93000352B8 /* Build configuration list for PBXNativeTarget "ajuda-meUITests" */;
			buildPhases = (
				C1DE63D330D738A183BA594F /* [CP] Check Pods Manifest.lock */,
				450A2DE020A87B93000352B8 /* Sources */,
				450A2DE120A87B93000352B8 /* Frameworks */,
				450A2DE220A87B93000352B8 /* Resources */,
				D88BB1616570097CB60D4DEC /* [CP] Embed Pods Frameworks */,
				A82FECE76D16583DB81D73C3 /* [CP] Copy Pods Resources */,
			);
			buildRules = (
			);
			dependencies = (
				450A2DE620A87B93000352B8 /* PBXTargetDependency */,
			);
			name = "ajuda-meUITests";
			productName = "ajuda-meUITests";
			productReference = 450A2DE420A87B93000352B8 /* ajuda-meUITests.xctest */;
			productType = "com.apple.product-type.bundle.ui-testing";
		};
/* End PBXNativeTarget section */

/* Begin PBXProject section */
		450A2DBD20A87B93000352B8 /* Project object */ = {
			isa = PBXProject;
			attributes = {
				LastSwiftUpdateCheck = 0910;
				LastUpgradeCheck = 0910;
				ORGANIZATIONNAME = "Alexandre Henrique";
				TargetAttributes = {
					450A2DC420A87B93000352B8 = {
						CreatedOnToolsVersion = 9.1;
						ProvisioningStyle = Automatic;
					};
					450A2DD820A87B93000352B8 = {
						CreatedOnToolsVersion = 9.1;
						ProvisioningStyle = Automatic;
						TestTargetID = 450A2DC420A87B93000352B8;
					};
					450A2DE320A87B93000352B8 = {
						CreatedOnToolsVersion = 9.1;
						ProvisioningStyle = Automatic;
						TestTargetID = 450A2DC420A87B93000352B8;
					};
				};
			};
			buildConfigurationList = 450A2DC020A87B93000352B8 /* Build configuration list for PBXProject "ajuda-me" */;
			compatibilityVersion = "Xcode 8.0";
			developmentRegion = en;
			hasScannedForEncodings = 0;
			knownRegions = (
				en,
				Base,
			);
			mainGroup = 450A2DBC20A87B93000352B8;
			productRefGroup = 450A2DC620A87B93000352B8 /* Products */;
			projectDirPath = "";
			projectRoot = "";
			targets = (
				450A2DC420A87B93000352B8 /* ajuda-me */,
				450A2DD820A87B93000352B8 /* ajuda-meTests */,
				450A2DE320A87B93000352B8 /* ajuda-meUITests */,
			);
		};
/* End PBXProject section */

/* Begin PBXResourcesBuildPhase section */
		450A2DC320A87B93000352B8 /* Resources */ = {
			isa = PBXResourcesBuildPhase;
			buildActionMask = 2147483647;
			files = (
				450A2DD320A87B93000352B8 /* LaunchScreen.storyboard in Resources */,
				450A2DD020A87B93000352B8 /* Assets.xcassets in Resources */,
				450A2DCE20A87B93000352B8 /* Main.storyboard in Resources */,
			);
			runOnlyForDeploymentPostprocessing = 0;
		};
		450A2DD720A87B93000352B8 /* Resources */ = {
			isa = PBXResourcesBuildPhase;
			buildActionMask = 2147483647;
			files = (
			);
			runOnlyForDeploymentPostprocessing = 0;
		};
		450A2DE220A87B93000352B8 /* Resources */ = {
			isa = PBXResourcesBuildPhase;
			buildActionMask = 2147483647;
			files = (
			);
			runOnlyForDeploymentPostprocessing = 0;
		};
/* End PBXResourcesBuildPhase section */

/* Begin PBXShellScriptBuildPhase section */
		0C78465EFA7F71C18204E8E0 /* [CP] Copy Pods Resources */ = {
			isa = PBXShellScriptBuildPhase;
			buildActionMask = 2147483647;
			files = (
			);
			inputPaths = (
			);
			name = "[CP] Copy Pods Resources";
			outputPaths = (
			);
			runOnlyForDeploymentPostprocessing = 0;
			shellPath = /bin/sh;
			shellScript = "\"${SRCROOT}/Pods/Target Support Files/Pods-ajuda-me/Pods-ajuda-me-resources.sh\"\n";
			showEnvVarsInLog = 0;
		};
		1F7C3E202904D8BB534CA761 /* [CP] Embed Pods Frameworks */ = {
			isa = PBXShellScriptBuildPhase;
			buildActionMask = 2147483647;
			files = (
			);
			inputPaths = (
			);
			name = "[CP] Embed Pods Frameworks";
			outputPaths = (
			);
			runOnlyForDeploymentPostprocessing = 0;
			shellPath = /bin/sh;
			shellScript = "\"${SRCROOT}/Pods/Target Support Files/Pods-ajuda-meTests/Pods-ajuda-meTests-frameworks.sh\"\n";
			showEnvVarsInLog = 0;
		};
		3C4C00856E3C2A0383AE4A2A /* [CP] Embed Pods Frameworks */ = {
			isa = PBXShellScriptBuildPhase;
			buildActionMask = 2147483647;
			files = (
			);
			inputPaths = (
				"${SRCROOT}/Pods/Target Support Files/Pods-ajuda-me/Pods-ajuda-me-frameworks.sh",
				"${BUILT_PRODUCTS_DIR}/Alamofire/Alamofire.framework",
				"${BUILT_PRODUCTS_DIR}/SwiftyJSON/SwiftyJSON.framework",
			);
			name = "[CP] Embed Pods Frameworks";
			outputPaths = (
				"${TARGET_BUILD_DIR}/${FRAMEWORKS_FOLDER_PATH}/Alamofire.framework",
				"${TARGET_BUILD_DIR}/${FRAMEWORKS_FOLDER_PATH}/SwiftyJSON.framework",
			);
			runOnlyForDeploymentPostprocessing = 0;
			shellPath = /bin/sh;
			shellScript = "\"${SRCROOT}/Pods/Target Support Files/Pods-ajuda-me/Pods-ajuda-me-frameworks.sh\"\n";
			showEnvVarsInLog = 0;
		};
		563D38E8A79F97DEF4F2C526 /* [CP] Check Pods Manifest.lock */ = {
			isa = PBXShellScriptBuildPhase;
			buildActionMask = 2147483647;
			files = (
			);
			inputPaths = (
				"${PODS_PODFILE_DIR_PATH}/Podfile.lock",
				"${PODS_ROOT}/Manifest.lock",
			);
			name = "[CP] Check Pods Manifest.lock";
			outputPaths = (
				"$(DERIVED_FILE_DIR)/Pods-ajuda-me-checkManifestLockResult.txt",
			);
			runOnlyForDeploymentPostprocessing = 0;
			shellPath = /bin/sh;
			shellScript = "diff \"${PODS_PODFILE_DIR_PATH}/Podfile.lock\" \"${PODS_ROOT}/Manifest.lock\" > /dev/null\nif [ $? != 0 ] ; then\n    # print error to STDERR\n    echo \"error: The sandbox is not in sync with the Podfile.lock. Run 'pod install' or update your CocoaPods installation.\" >&2\n    exit 1\nfi\n# This output is used by Xcode 'outputs' to avoid re-running this script phase.\necho \"SUCCESS\" > \"${SCRIPT_OUTPUT_FILE_0}\"\n";
			showEnvVarsInLog = 0;
		};
		622558EECE0BFA436B5C622C /* [CP] Copy Pods Resources */ = {
			isa = PBXShellScriptBuildPhase;
			buildActionMask = 2147483647;
			files = (
			);
			inputPaths = (
			);
			name = "[CP] Copy Pods Resources";
			outputPaths = (
			);
			runOnlyForDeploymentPostprocessing = 0;
			shellPath = /bin/sh;
			shellScript = "\"${SRCROOT}/Pods/Target Support Files/Pods-ajuda-meTests/Pods-ajuda-meTests-resources.sh\"\n";
			showEnvVarsInLog = 0;
		};
		A82FECE76D16583DB81D73C3 /* [CP] Copy Pods Resources */ = {
			isa = PBXShellScriptBuildPhase;
			buildActionMask = 2147483647;
			files = (
			);
			inputPaths = (
			);
			name = "[CP] Copy Pods Resources";
			outputPaths = (
			);
			runOnlyForDeploymentPostprocessing = 0;
			shellPath = /bin/sh;
			shellScript = "\"${SRCROOT}/Pods/Target Support Files/Pods-ajuda-meUITests/Pods-ajuda-meUITests-resources.sh\"\n";
			showEnvVarsInLog = 0;
		};
		C1DE63D330D738A183BA594F /* [CP] Check Pods Manifest.lock */ = {
			isa = PBXShellScriptBuildPhase;
			buildActionMask = 2147483647;
			files = (
			);
			inputPaths = (
				"${PODS_PODFILE_DIR_PATH}/Podfile.lock",
				"${PODS_ROOT}/Manifest.lock",
			);
			name = "[CP] Check Pods Manifest.lock";
			outputPaths = (
				"$(DERIVED_FILE_DIR)/Pods-ajuda-meUITests-checkManifestLockResult.txt",
			);
			runOnlyForDeploymentPostprocessing = 0;
			shellPath = /bin/sh;
			shellScript = "diff \"${PODS_PODFILE_DIR_PATH}/Podfile.lock\" \"${PODS_ROOT}/Manifest.lock\" > /dev/null\nif [ $? != 0 ] ; then\n    # print error to STDERR\n    echo \"error: The sandbox is not in sync with the Podfile.lock. Run 'pod install' or update your CocoaPods installation.\" >&2\n    exit 1\nfi\n# This output is used by Xcode 'outputs' to avoid re-running this script phase.\necho \"SUCCESS\" > \"${SCRIPT_OUTPUT_FILE_0}\"\n";
			showEnvVarsInLog = 0;
		};
		CCC4117290D3A8CE0B57054C /* [CP] Check Pods Manifest.lock */ = {
			isa = PBXShellScriptBuildPhase;
			buildActionMask = 2147483647;
			files = (
			);
			inputPaths = (
				"${PODS_PODFILE_DIR_PATH}/Podfile.lock",
				"${PODS_ROOT}/Manifest.lock",
			);
			name = "[CP] Check Pods Manifest.lock";
			outputPaths = (
				"$(DERIVED_FILE_DIR)/Pods-ajuda-meTests-checkManifestLockResult.txt",
			);
			runOnlyForDeploymentPostprocessing = 0;
			shellPath = /bin/sh;
			shellScript = "diff \"${PODS_PODFILE_DIR_PATH}/Podfile.lock\" \"${PODS_ROOT}/Manifest.lock\" > /dev/null\nif [ $? != 0 ] ; then\n    # print error to STDERR\n    echo \"error: The sandbox is not in sync with the Podfile.lock. Run 'pod install' or update your CocoaPods installation.\" >&2\n    exit 1\nfi\n# This output is used by Xcode 'outputs' to avoid re-running this script phase.\necho \"SUCCESS\" > \"${SCRIPT_OUTPUT_FILE_0}\"\n";
			showEnvVarsInLog = 0;
		};
		D88BB1616570097CB60D4DEC /* [CP] Embed Pods Frameworks */ = {
			isa = PBXShellScriptBuildPhase;
			buildActionMask = 2147483647;
			files = (
			);
			inputPaths = (
			);
			name = "[CP] Embed Pods Frameworks";
			outputPaths = (
			);
			runOnlyForDeploymentPostprocessing = 0;
			shellPath = /bin/sh;
			shellScript = "\"${SRCROOT}/Pods/Target Support Files/Pods-ajuda-meUITests/Pods-ajuda-meUITests-frameworks.sh\"\n";
			showEnvVarsInLog = 0;
		};
/* End PBXShellScriptBuildPhase section */

/* Begin PBXSourcesBuildPhase section */
		450A2DC120A87B93000352B8 /* Sources */ = {
			isa = PBXSourcesBuildPhase;
			buildActionMask = 2147483647;
			files = (
				450A2DCB20A87B93000352B8 /* ViewController.swift in Sources */,
				450A2DC920A87B93000352B8 /* AppDelegate.swift in Sources */,
			);
			runOnlyForDeploymentPostprocessing = 0;
		};
		450A2DD520A87B93000352B8 /* Sources */ = {
			isa = PBXSourcesBuildPhase;
			buildActionMask = 2147483647;
			files = (
				450A2DDE20A87B93000352B8 /* ajuda_meTests.swift in Sources */,
			);
			runOnlyForDeploymentPostprocessing = 0;
		};
		450A2DE020A87B93000352B8 /* Sources */ = {
			isa = PBXSourcesBuildPhase;
			buildActionMask = 2147483647;
			files = (
				450A2DE920A87B93000352B8 /* ajuda_meUITests.swift in Sources */,
			);
			runOnlyForDeploymentPostprocessing = 0;
		};
/* End PBXSourcesBuildPhase section */

/* Begin PBXTargetDependency section */
		450A2DDB20A87B93000352B8 /* PBXTargetDependency */ = {
			isa = PBXTargetDependency;
			target = 450A2DC420A87B93000352B8 /* ajuda-me */;
			targetProxy = 450A2DDA20A87B93000352B8 /* PBXContainerItemProxy */;
		};
		450A2DE620A87B93000352B8 /* PBXTargetDependency */ = {
			isa = PBXTargetDependency;
			target = 450A2DC420A87B93000352B8 /* ajuda-me */;
			targetProxy = 450A2DE520A87B93000352B8 /* PBXContainerItemProxy */;
		};
/* End PBXTargetDependency section */

/* Begin PBXVariantGroup section */
		450A2DCC20A87B93000352B8 /* Main.storyboard */ = {
			isa = PBXVariantGroup;
			children = (
				450A2DCD20A87B93000352B8 /* Base */,
			);
			name = Main.storyboard;
			sourceTree = "<group>";
		};
		450A2DD120A87B93000352B8 /* LaunchScreen.storyboard */ = {
			isa = PBXVariantGroup;
			children = (
				450A2DD220A87B93000352B8 /* Base */,
			);
			name = LaunchScreen.storyboard;
			sourceTree = "<group>";
		};
/* End PBXVariantGroup section */

/* Begin XCBuildConfiguration section */
		450A2DEB20A87B93000352B8 /* Debug */ = {
			isa = XCBuildConfiguration;
			buildSettings = {
				ALWAYS_SEARCH_USER_PATHS = NO;
				CLANG_ANALYZER_NONNULL = YES;
				CLANG_ANALYZER_NUMBER_OBJECT_CONVERSION = YES_AGGRESSIVE;
				CLANG_CXX_LANGUAGE_STANDARD = "gnu++14";
				CLANG_CXX_LIBRARY = "libc++";
				CLANG_ENABLE_MODULES = YES;
				CLANG_ENABLE_OBJC_ARC = YES;
				CLANG_WARN_BLOCK_CAPTURE_AUTORELEASING = YES;
				CLANG_WARN_BOOL_CONVERSION = YES;
				CLANG_WARN_COMMA = YES;
				CLANG_WARN_CONSTANT_CONVERSION = YES;
				CLANG_WARN_DIRECT_OBJC_ISA_USAGE = YES_ERROR;
				CLANG_WARN_DOCUMENTATION_COMMENTS = YES;
				CLANG_WARN_EMPTY_BODY = YES;
				CLANG_WARN_ENUM_CONVERSION = YES;
				CLANG_WARN_INFINITE_RECURSION = YES;
				CLANG_WARN_INT_CONVERSION = YES;
				CLANG_WARN_NON_LITERAL_NULL_CONVERSION = YES;
				CLANG_WARN_OBJC_LITERAL_CONVERSION = YES;
				CLANG_WARN_OBJC_ROOT_CLASS = YES_ERROR;
				CLANG_WARN_RANGE_LOOP_ANALYSIS = YES;
				CLANG_WARN_STRICT_PROTOTYPES = YES;
				CLANG_WARN_SUSPICIOUS_MOVE = YES;
				CLANG_WARN_UNGUARDED_AVAILABILITY = YES_AGGRESSIVE;
				CLANG_WARN_UNREACHABLE_CODE = YES;
				CLANG_WARN__DUPLICATE_METHOD_MATCH = YES;
				CODE_SIGN_IDENTITY = "iPhone Developer";
				COPY_PHASE_STRIP = NO;
				DEBUG_INFORMATION_FORMAT = dwarf;
				ENABLE_STRICT_OBJC_MSGSEND = YES;
				ENABLE_TESTABILITY = YES;
				GCC_C_LANGUAGE_STANDARD = gnu11;
				GCC_DYNAMIC_NO_PIC = NO;
				GCC_NO_COMMON_BLOCKS = YES;
				GCC_OPTIMIZATION_LEVEL = 0;
				GCC_PREPROCESSOR_DEFINITIONS = (
					"DEBUG=1",
					"$(inherited)",
				);
				GCC_WARN_64_TO_32_BIT_CONVERSION = YES;
				GCC_WARN_ABOUT_RETURN_TYPE = YES_ERROR;
				GCC_WARN_UNDECLARED_SELECTOR = YES;
				GCC_WARN_UNINITIALIZED_AUTOS = YES_AGGRESSIVE;
				GCC_WARN_UNUSED_FUNCTION = YES;
				GCC_WARN_UNUSED_VARIABLE = YES;
				IPHONEOS_DEPLOYMENT_TARGET = 11.1;
				MTL_ENABLE_DEBUG_INFO = YES;
				ONLY_ACTIVE_ARCH = YES;
				SDKROOT = iphoneos;
				SWIFT_ACTIVE_COMPILATION_CONDITIONS = DEBUG;
				SWIFT_OPTIMIZATION_LEVEL = "-Onone";
			};
			name = Debug;
		};
		450A2DEC20A87B93000352B8 /* Release */ = {
			isa = XCBuildConfiguration;
			buildSettings = {
				ALWAYS_SEARCH_USER_PATHS = NO;
				CLANG_ANALYZER_NONNULL = YES;
				CLANG_ANALYZER_NUMBER_OBJECT_CONVERSION = YES_AGGRESSIVE;
				CLANG_CXX_LANGUAGE_STANDARD = "gnu++14";
				CLANG_CXX_LIBRARY = "libc++";
				CLANG_ENABLE_MODULES = YES;
				CLANG_ENABLE_OBJC_ARC = YES;
				CLANG_WARN_BLOCK_CAPTURE_AUTORELEASING = YES;
				CLANG_WARN_BOOL_CONVERSION = YES;
				CLANG_WARN_COMMA = YES;
				CLANG_WARN_CONSTANT_CONVERSION = YES;
				CLANG_WARN_DIRECT_OBJC_ISA_USAGE = YES_ERROR;
				CLANG_WARN_DOCUMENTATION_COMMENTS = YES;
				CLANG_WARN_EMPTY_BODY = YES;
				CLANG_WARN_ENUM_CONVERSION = YES;
				CLANG_WARN_INFINITE_RECURSION = YES;
				CLANG_WARN_INT_CONVERSION = YES;
				CLANG_WARN_NON_LITERAL_NULL_CONVERSION = YES;
				CLANG_WARN_OBJC_LITERAL_CONVERSION = YES;
				CLANG_WARN_OBJC_ROOT_CLASS = YES_ERROR;
				CLANG_WARN_RANGE_LOOP_ANALYSIS = YES;
				CLANG_WARN_STRICT_PROTOTYPES = YES;
				CLANG_WARN_SUSPICIOUS_MOVE = YES;
				CLANG_WARN_UNGUARDED_AVAILABILITY = YES_AGGRESSIVE;
				CLANG_WARN_UNREACHABLE_CODE = YES;
				CLANG_WARN__DUPLICATE_METHOD_MATCH = YES;
				CODE_SIGN_IDENTITY = "iPhone Developer";
				COPY_PHASE_STRIP = NO;
				DEBUG_INFORMATION_FORMAT = "dwarf-with-dsym";
				ENABLE_NS_ASSERTIONS = NO;
				ENABLE_STRICT_OBJC_MSGSEND = YES;
				GCC_C_LANGUAGE_STANDARD = gnu11;
				GCC_NO_COMMON_BLOCKS = YES;
				GCC_WARN_64_TO_32_BIT_CONVERSION = YES;
				GCC_WARN_ABOUT_RETURN_TYPE = YES_ERROR;
				GCC_WARN_UNDECLARED_SELECTOR = YES;
				GCC_WARN_UNINITIALIZED_AUTOS = YES_AGGRESSIVE;
				GCC_WARN_UNUSED_FUNCTION = YES;
				GCC_WARN_UNUSED_VARIABLE = YES;
				IPHONEOS_DEPLOYMENT_TARGET = 11.1;
				MTL_ENABLE_DEBUG_INFO = NO;
				SDKROOT = iphoneos;
				SWIFT_OPTIMIZATION_LEVEL = "-Owholemodule";
				VALIDATE_PRODUCT = YES;
			};
			name = Release;
		};
		450A2DEE20A87B93000352B8 /* Debug */ = {
			isa = XCBuildConfiguration;
			baseConfigurationReference = 66AD172892B3CA74D8126538 /* Pods-ajuda-me.debug.xcconfig */;
			buildSettings = {
				ASSETCATALOG_COMPILER_APPICON_NAME = AppIcon;
				CODE_SIGN_STYLE = Automatic;
				DEVELOPMENT_TEAM = 8NJN76E9UZ;
				INFOPLIST_FILE = "ajuda-me/Info.plist";
				LD_RUNPATH_SEARCH_PATHS = "$(inherited) @executable_path/Frameworks";
				PRODUCT_BUNDLE_IDENTIFIER = "com.alexandrehcdc.ajuda-me";
				PRODUCT_NAME = "$(TARGET_NAME)";
				SWIFT_VERSION = 4.0;
				TARGETED_DEVICE_FAMILY = "1,2";
			};
			name = Debug;
		};
		450A2DEF20A87B93000352B8 /* Release */ = {
			isa = XCBuildConfiguration;
			baseConfigurationReference = A5B6CE8C7A40D9E98D8A64BC /* Pods-ajuda-me.release.xcconfig */;
			buildSettings = {
				ASSETCATALOG_COMPILER_APPICON_NAME = AppIcon;
				CODE_SIGN_STYLE = Automatic;
				DEVELOPMENT_TEAM = 8NJN76E9UZ;
				INFOPLIST_FILE = "ajuda-me/Info.plist";
				LD_RUNPATH_SEARCH_PATHS = "$(inherited) @executable_path/Frameworks";
				PRODUCT_BUNDLE_IDENTIFIER = "com.alexandrehcdc.ajuda-me";
				PRODUCT_NAME = "$(TARGET_NAME)";
				SWIFT_VERSION = 4.0;
				TARGETED_DEVICE_FAMILY = "1,2";
			};
			name = Release;
		};
		450A2DF120A87B93000352B8 /* Debug */ = {
			isa = XCBuildConfiguration;
			baseConfigurationReference = 4C9EC77223624A27D169B0B0 /* Pods-ajuda-meTests.debug.xcconfig */;
			buildSettings = {
				ALWAYS_EMBED_SWIFT_STANDARD_LIBRARIES = YES;
				BUNDLE_LOADER = "$(TEST_HOST)";
				CODE_SIGN_STYLE = Automatic;
				INFOPLIST_FILE = "ajuda-meTests/Info.plist";
				LD_RUNPATH_SEARCH_PATHS = "$(inherited) @executable_path/Frameworks @loader_path/Frameworks";
				PRODUCT_BUNDLE_IDENTIFIER = "com.alexandrehcdc.ajuda-meTests";
				PRODUCT_NAME = "$(TARGET_NAME)";
				SWIFT_VERSION = 4.0;
				TARGETED_DEVICE_FAMILY = "1,2";
				TEST_HOST = "$(BUILT_PRODUCTS_DIR)/ajuda-me.app/ajuda-me";
			};
			name = Debug;
		};
		450A2DF220A87B93000352B8 /* Release */ = {
			isa = XCBuildConfiguration;
			baseConfigurationReference = 1EBC812B6F126D8ADE77E2AF /* Pods-ajuda-meTests.release.xcconfig */;
			buildSettings = {
				ALWAYS_EMBED_SWIFT_STANDARD_LIBRARIES = YES;
				BUNDLE_LOADER = "$(TEST_HOST)";
				CODE_SIGN_STYLE = Automatic;
				INFOPLIST_FILE = "ajuda-meTests/Info.plist";
				LD_RUNPATH_SEARCH_PATHS = "$(inherited) @executable_path/Frameworks @loader_path/Frameworks";
				PRODUCT_BUNDLE_IDENTIFIER = "com.alexandrehcdc.ajuda-meTests";
				PRODUCT_NAME = "$(TARGET_NAME)";
				SWIFT_VERSION = 4.0;
				TARGETED_DEVICE_FAMILY = "1,2";
				TEST_HOST = "$(BUILT_PRODUCTS_DIR)/ajuda-me.app/ajuda-me";
			};
			name = Release;
		};
		450A2DF420A87B93000352B8 /* Debug */ = {
			isa = XCBuildConfiguration;
			baseConfigurationReference = F194BDAADBD2AD70349586D5 /* Pods-ajuda-meUITests.debug.xcconfig */;
			buildSettings = {
				ALWAYS_EMBED_SWIFT_STANDARD_LIBRARIES = YES;
				CODE_SIGN_STYLE = Automatic;
				INFOPLIST_FILE = "ajuda-meUITests/Info.plist";
				LD_RUNPATH_SEARCH_PATHS = "$(inherited) @executable_path/Frameworks @loader_path/Frameworks";
				PRODUCT_BUNDLE_IDENTIFIER = "com.alexandrehcdc.ajuda-meUITests";
				PRODUCT_NAME = "$(TARGET_NAME)";
				SWIFT_VERSION = 4.0;
				TARGETED_DEVICE_FAMILY = "1,2";
				TEST_TARGET_NAME = "ajuda-me";
			};
			name = Debug;
		};
		450A2DF520A87B93000352B8 /* Release */ = {
			isa = XCBuildConfiguration;
			baseConfigurationReference = 145273E869F0CCB4F1AC969B /* Pods-ajuda-meUITests.release.xcconfig */;
			buildSettings = {
				ALWAYS_EMBED_SWIFT_STANDARD_LIBRARIES = YES;
				CODE_SIGN_STYLE = Automatic;
				INFOPLIST_FILE = "ajuda-meUITests/Info.plist";
				LD_RUNPATH_SEARCH_PATHS = "$(inherited) @executable_path/Frameworks @loader_path/Frameworks";
				PRODUCT_BUNDLE_IDENTIFIER = "com.alexandrehcdc.ajuda-meUITests";
				PRODUCT_NAME = "$(TARGET_NAME)";
				SWIFT_VERSION = 4.0;
				TARGETED_DEVICE_FAMILY = "1,2";
				TEST_TARGET_NAME = "ajuda-me";
			};
			name = Release;
		};
/* End XCBuildConfiguration section */

/* Begin XCConfigurationList section */
		450A2DC020A87B93000352B8 /* Build configuration list for PBXProject "ajuda-me" */ = {
			isa = XCConfigurationList;
			buildConfigurations = (
				450A2DEB20A87B93000352B8 /* Debug */,
				450A2DEC20A87B93000352B8 /* Release */,
			);
			defaultConfigurationIsVisible = 0;
			defaultConfigurationName = Release;
		};
		450A2DED20A87B93000352B8 /* Build configuration list for PBXNativeTarget "ajuda-me" */ = {
			isa = XCConfigurationList;
			buildConfigurations = (
				450A2DEE20A87B93000352B8 /* Debug */,
				450A2DEF20A87B93000352B8 /* Release */,
			);
			defaultConfigurationIsVisible = 0;
			defaultConfigurationName = Release;
		};
		450A2DF020A87B93000352B8 /* Build configuration list for PBXNativeTarget "ajuda-meTests" */ = {
			isa = XCConfigurationList;
			buildConfigurations = (
				450A2DF120A87B93000352B8 /* Debug */,
				450A2DF220A87B93000352B8 /* Release */,
			);
			defaultConfigurationIsVisible = 0;
			defaultConfigurationName = Release;
		};
		450A2DF320A87B93000352B8 /* Build configuration list for PBXNativeTarget "ajuda-meUITests" */ = {
			isa = XCConfigurationList;
			buildConfigurations = (
				450A2DF420A87B93000352B8 /* Debug */,
				450A2DF520A87B93000352B8 /* Release */,
			);
			defaultConfigurationIsVisible = 0;
			defaultConfigurationName = Release;
		};
/* End XCConfigurationList section */
	};
	rootObject = 450A2DBD20A87B93000352B8 /* Project object */;
}
